
Microsoft Visual Studio Solution File, Format Version 12.00
# Visual Studio Version 17
VisualStudioVersion = 17.10.34928.147
MinimumVisualStudioVersion = 10.0.40219.1
Project("{9A19103F-16F7-4668-BE54-9A1E7A4F7556}") = "RockPaperScissors", "RPS\RockPaperScissors.csproj", "{625F8CB6-48D9-41CC-9B6D-3AE346A0357E}"
EndProject
Project("{9A19103F-16F7-4668-BE54-9A1E7A4F7556}") = "RockPaperScissors.Tests", "RPS.Tests\RockPaperScissors.Tests.csproj", "{B760141C-3F08-43E1-955A-22583D474246}"
EndProject
Global
	GlobalSection(SolutionConfigurationPlatforms) = preSolution
		Debug|Any CPU = Debug|Any CPU
		Release|Any CPU = Release|Any CPU
	EndGlobalSection
	GlobalSection(ProjectConfigurationPlatforms) = postSolution
		{625F8CB6-48D9-41CC-9B6D-3AE346A0357E}.Debug|Any CPU.ActiveCfg = Debug|Any CPU
		{625F8CB6-48D9-41CC-9B6D-3AE346A0357E}.Debug|Any CPU.Build.0 = Debug|Any CPU
		{625F8CB6-48D9-41CC-9B6D-3AE346A0357E}.Release|Any CPU.ActiveCfg = Release|Any CPU
		{625F8CB6-48D9-41CC-9B6D-3AE346A0357E}.Release|Any CPU.Build.0 = Release|Any CPU
		{B760141C-3F08-43E1-955A-22583D474246}.Debug|Any CPU.ActiveCfg = Debug|Any CPU
		{B760141C-3F08-43E1-955A-22583D474246}.Debug|Any CPU.Build.0 = Debug|Any CPU
		{B760141C-3F08-43E1-955A-22583D474246}.Release|Any CPU.ActiveCfg = Release|Any CPU
		{B760141C-3F08-43E1-955A-22583D474246}.Release|Any CPU.Build.0 = Release|Any CPU
	EndGlobalSection
	GlobalSection(SolutionProperties) = preSolution
		HideSolutionNode = FALSE
	EndGlobalSection
	GlobalSection(ExtensibilityGlobals) = postSolution
		SolutionGuid = {3200F751-9344-45FC-A066-2060F6328E4A}
	EndGlobalSection
EndGlobal
